
Microsoft Visual Studio Solution File, Format Version 12.00
# Visual Studio 15
VisualStudioVersion = 15.0.28010.2003
MinimumVisualStudioVersion = 10.0.40219.1
Project("{FAE04EC0-301F-11D3-BF4B-00C04F79EFBC}") = "Server Strategy Game", "Server Strategy Game\Server Strategy Game.csproj", "{8FF24406-3B63-4410-9F30-13B01BBB9C23}"
EndProject
Global
	GlobalSection(SolutionConfigurationPlatforms) = preSolution
		Debug|Any CPU = Debug|Any CPU
		Release|Any CPU = Release|Any CPU
	EndGlobalSection
	GlobalSection(ProjectConfigurationPlatforms) = postSolution
		{8FF24406-3B63-4410-9F30-13B01BBB9C23}.Debug|Any CPU.ActiveCfg = Debug|Any CPU
		{8FF24406-3B63-4410-9F30-13B01BBB9C23}.Debug|Any CPU.Build.0 = Debug|Any CPU
		{8FF24406-3B63-4410-9F30-13B01BBB9C23}.Release|Any CPU.ActiveCfg = Release|Any CPU
		{8FF24406-3B63-4410-9F30-13B01BBB9C23}.Release|Any CPU.Build.0 = Release|Any CPU
	EndGlobalSection
	GlobalSection(SolutionProperties) = preSolution
		HideSolutionNode = FALSE
	EndGlobalSection
	GlobalSection(ExtensibilityGlobals) = postSolution
		SolutionGuid = {21445F2F-DDBE-4334-AC45-6CCDB0CFD2BC}
	EndGlobalSection
EndGlobal
